
Microsoft Visual Studio Solution File, Format Version 12.00
# Visual Studio Version 17
VisualStudioVersion = 17.8.34601.278
MinimumVisualStudioVersion = 10.0.40219.1
Project("{FAE04EC0-301F-11D3-BF4B-00C04F79EFBC}") = "BlazorAppWithEntra", "BlazorAppWithEntra\BlazorAppWithEntra.csproj", "{AB357F06-69DC-4818-B456-AC530296E859}"
EndProject
Global
	GlobalSection(SolutionConfigurationPlatforms) = preSolution
		Debug|Any CPU = Debug|Any CPU
		Release|Any CPU = Release|Any CPU
	EndGlobalSection
	GlobalSection(ProjectConfigurationPlatforms) = postSolution
		{AB357F06-69DC-4818-B456-AC530296E859}.Debug|Any CPU.ActiveCfg = Debug|Any CPU
		{AB357F06-69DC-4818-B456-AC530296E859}.Debug|Any CPU.Build.0 = Debug|Any CPU
		{AB357F06-69DC-4818-B456-AC530296E859}.Release|Any CPU.ActiveCfg = Release|Any CPU
		{AB357F06-69DC-4818-B456-AC530296E859}.Release|Any CPU.Build.0 = Release|Any CPU
	EndGlobalSection
	GlobalSection(SolutionProperties) = preSolution
		HideSolutionNode = FALSE
	EndGlobalSection
	GlobalSection(ExtensibilityGlobals) = postSolution
		SolutionGuid = {80D018B1-5168-4C54-9FF6-A9D2AE58E9FD}
	EndGlobalSection
EndGlobal
